
Microsoft Visual Studio Solution File, Format Version 11.00
# Visual Studio 2010
Project("{FAE04EC0-301F-11D3-BF4B-00C04F79EFBC}") = "Weather_Application", "Weather_Application\Weather_Application.csproj", "{C1DEE748-D136-4804-AE84-E891EAECBD52}"
EndProject
Global
	GlobalSection(SolutionConfigurationPlatforms) = preSolution
		Debug|x86 = Debug|x86
		Release|x86 = Release|x86
	EndGlobalSection
	GlobalSection(ProjectConfigurationPlatforms) = postSolution
		{C1DEE748-D136-4804-AE84-E891EAECBD52}.Debug|x86.ActiveCfg = Debug|x86
		{C1DEE748-D136-4804-AE84-E891EAECBD52}.Debug|x86.Build.0 = Debug|x86
		{C1DEE748-D136-4804-AE84-E891EAECBD52}.Release|x86.ActiveCfg = Release|x86
		{C1DEE748-D136-4804-AE84-E891EAECBD52}.Release|x86.Build.0 = Release|x86
	EndGlobalSection
	GlobalSection(SolutionProperties) = preSolution
		HideSolutionNode = FALSE
	EndGlobalSection
EndGlobal
